// !$*UTF8*$!
{
	archiveVersion = 1;
	classes = {
	};
	objectVersion = 56;
	objects = {

/* Begin PBXBuildFile section */
		02DBEE932A0D56310095C93C /* AppDelegate.swift in Sources */ = {isa = PBXBuildFile; fileRef = 02DBEE922A0D56310095C93C /* AppDelegate.swift */; };
		02DBEE952A0D56310095C93C /* SceneDelegate.swift in Sources */ = {isa = PBXBuildFile; fileRef = 02DBEE942A0D56310095C93C /* SceneDelegate.swift */; };
		02DBEE972A0D56310095C93C /* ViewController.swift in Sources */ = {isa = PBXBuildFile; fileRef = 02DBEE962A0D56310095C93C /* ViewController.swift */; };
		02DBEE9A2A0D56310095C93C /* Main.storyboard in Resources */ = {isa = PBXBuildFile; fileRef = 02DBEE982A0D56310095C93C /* Main.storyboard */; };
		02DBEE9C2A0D56320095C93C /* Assets.xcassets in Resources */ = {isa = PBXBuildFile; fileRef = 02DBEE9B2A0D56320095C93C /* Assets.xcassets */; };
		02DBEE9F2A0D56320095C93C /* LaunchScreen.storyboard in Resources */ = {isa = PBXBuildFile; fileRef = 02DBEE9D2A0D56320095C93C /* LaunchScreen.storyboard */; };
		02DBEEAA2A0D56320095C93C /* CounterEnhancedTests.swift in Sources */ = {isa = PBXBuildFile; fileRef = 02DBEEA92A0D56320095C93C /* CounterEnhancedTests.swift */; };
		02DBEEB42A0D56320095C93C /* CounterEnhancedUITests.swift in Sources */ = {isa = PBXBuildFile; fileRef = 02DBEEB32A0D56320095C93C /* CounterEnhancedUITests.swift */; };
		02DBEEB62A0D56320095C93C /* CounterEnhancedUITestsLaunchTests.swift in Sources */ = {isa = PBXBuildFile; fileRef = 02DBEEB52A0D56320095C93C /* CounterEnhancedUITestsLaunchTests.swift */; };
/* End PBXBuildFile section */

/* Begin PBXContainerItemProxy section */
		02DBEEA62A0D56320095C93C /* PBXContainerItemProxy */ = {
			isa = PBXContainerItemProxy;
			containerPortal = 02DBEE872A0D56310095C93C /* Project object */;
			proxyType = 1;
			remoteGlobalIDString = 02DBEE8E2A0D56310095C93C;
			remoteInfo = CounterEnhanced;
		};
		02DBEEB02A0D56320095C93C /* PBXContainerItemProxy */ = {
			isa = PBXContainerItemProxy;
			containerPortal = 02DBEE872A0D56310095C93C /* Project object */;
			proxyType = 1;
			remoteGlobalIDString = 02DBEE8E2A0D56310095C93C;
			remoteInfo = CounterEnhanced;
		};
/* End PBXContainerItemProxy section */

/* Begin PBXFileReference section */
		02DBEE8F2A0D56310095C93C /* CounterEnhanced.app */ = {isa = PBXFileReference; explicitFileType = wrapper.application; includeInIndex = 0; path = CounterEnhanced.app; sourceTree = BUILT_PRODUCTS_DIR; };
		02DBEE922A0D56310095C93C /* AppDelegate.swift */ = {isa = PBXFileReference; lastKnownFileType = sourcecode.swift; path = AppDelegate.swift; sourceTree = "<group>"; };
		02DBEE942A0D56310095C93C /* SceneDelegate.swift */ = {isa = PBXFileReference; lastKnownFileType = sourcecode.swift; path = SceneDelegate.swift; sourceTree = "<group>"; };
		02DBEE962A0D56310095C93C /* ViewController.swift */ = {isa = PBXFileReference; lastKnownFileType = sourcecode.swift; path = ViewController.swift; sourceTree = "<group>"; };
		02DBEE992A0D56310095C93C /* Base */ = {isa = PBXFileReference; lastKnownFileType = file.storyboard; name = Base; path = Base.lproj/Main.storyboard; sourceTree = "<group>"; };
		02DBEE9B2A0D56320095C93C /* Assets.xcassets */ = {isa = PBXFileReference; lastKnownFileType = folder.assetcatalog; path = Assets.xcassets; sourceTree = "<group>"; };
		02DBEE9E2A0D56320095C93C /* Base */ = {isa = PBXFileReference; lastKnownFileType = file.storyboard; name = Base; path = Base.lproj/LaunchScreen.storyboard; sourceTree = "<group>"; };
		02DBEEA02A0D56320095C93C /* Info.plist */ = {isa = PBXFileReference; lastKnownFileType = text.plist.xml; path = Info.plist; sourceTree = "<group>"; };
		02DBEEA52A0D56320095C93C /* CounterEnhancedTests.xctest */ = {isa = PBXFileReference; explicitFileType = wrapper.cfbundle; includeInIndex = 0; path = CounterEnhancedTests.xctest; sourceTree = BUILT_PRODUCTS_DIR; };
		02DBEEA92A0D56320095C93C /* CounterEnhancedTests.swift */ = {isa = PBXFileReference; lastKnownFileType = sourcecode.swift; path = CounterEnhancedTests.swift; sourceTree = "<group>"; };
		02DBEEAF2A0D56320095C93C /* CounterEnhancedUITests.xctest */ = {isa = PBXFileReference; explicitFileType = wrapper.cfbundle; includeInIndex = 0; path = CounterEnhancedUITests.xctest; sourceTree = BUILT_PRODUCTS_DIR; };
		02DBEEB32A0D56320095C93C /* CounterEnhancedUITests.swift */ = {isa = PBXFileReference; lastKnownFileType = sourcecode.swift; path = CounterEnhancedUITests.swift; sourceTree = "<group>"; };
		02DBEEB52A0D56320095C93C /* CounterEnhancedUITestsLaunchTests.swift */ = {isa = PBXFileReference; lastKnownFileType = sourcecode.swift; path = CounterEnhancedUITestsLaunchTests.swift; sourceTree = "<group>"; };
/* End PBXFileReference section */

/* Begin PBXFrameworksBuildPhase section */
		02DBEE8C2A0D56310095C93C /* Frameworks */ = {
			isa = PBXFrameworksBuildPhase;
			buildActionMask = 2147483647;
			files = (
			);
			runOnlyForDeploymentPostprocessing = 0;
		};
		02DBEEA22A0D56320095C93C /* Frameworks */ = {
			isa = PBXFrameworksBuildPhase;
			buildActionMask = 2147483647;
			files = (
			);
			runOnlyForDeploymentPostprocessing = 0;
		};
		02DBEEAC2A0D56320095C93C /* Frameworks */ = {
			isa = PBXFrameworksBuildPhase;
			buildActionMask = 2147483647;
			files = (
			);
			runOnlyForDeploymentPostprocessing = 0;
		};
/* End PBXFrameworksBuildPhase section */

/* Begin PBXGroup section */
		02DBEE862A0D56310095C93C = {
			isa = PBXGroup;
			children = (
				02DBEE912A0D56310095C93C /* CounterEnhanced */,
				02DBEEA82A0D56320095C93C /* CounterEnhancedTests */,
				02DBEEB22A0D56320095C93C /* CounterEnhancedUITests */,
				02DBEE902A0D56310095C93C /* Products */,
			);
			sourceTree = "<group>";
		};
		02DBEE902A0D56310095C93C /* Products */ = {
			isa = PBXGroup;
			children = (
				02DBEE8F2A0D56310095C93C /* CounterEnhanced.app */,
				02DBEEA52A0D56320095C93C /* CounterEnhancedTests.xctest */,
				02DBEEAF2A0D56320095C93C /* CounterEnhancedUITests.xctest */,
			);
			name = Products;
			sourceTree = "<group>";
		};
		02DBEE912A0D56310095C93C /* CounterEnhanced */ = {
			isa = PBXGroup;
			children = (
				02DBEE922A0D56310095C93C /* AppDelegate.swift */,
				02DBEE942A0D56310095C93C /* SceneDelegate.swift */,
				02DBEE962A0D56310095C93C /* ViewController.swift */,
				02DBEE982A0D56310095C93C /* Main.storyboard */,
				02DBEE9B2A0D56320095C93C /* Assets.xcassets */,
				02DBEE9D2A0D56320095C93C /* LaunchScreen.storyboard */,
				02DBEEA02A0D56320095C93C /* Info.plist */,
			);
			path = CounterEnhanced;
			sourceTree = "<group>";
		};
		02DBEEA82A0D56320095C93C /* CounterEnhancedTests */ = {
			isa = PBXGroup;
			children = (
				02DBEEA92A0D56320095C93C /* CounterEnhancedTests.swift */,
			);
			path = CounterEnhancedTests;
			sourceTree = "<group>";
		};
		02DBEEB22A0D56320095C93C /* CounterEnhancedUITests */ = {
			isa = PBXGroup;
			children = (
				02DBEEB32A0D56320095C93C /* CounterEnhancedUITests.swift */,
				02DBEEB52A0D56320095C93C /* CounterEnhancedUITestsLaunchTests.swift */,
			);
			path = CounterEnhancedUITests;
			sourceTree = "<group>";
		};
/* End PBXGroup section */

/* Begin PBXNativeTarget section */
		02DBEE8E2A0D56310095C93C /* CounterEnhanced */ = {
			isa = PBXNativeTarget;
			buildConfigurationList = 02DBEEB92A0D56320095C93C /* Build configuration list for PBXNativeTarget "CounterEnhanced" */;
			buildPhases = (
				02DBEE8B2A0D56310095C93C /* Sources */,
				02DBEE8C2A0D56310095C93C /* Frameworks */,
				02DBEE8D2A0D56310095C93C /* Resources */,
			);
			buildRules = (
			);
			dependencies = (
			);
			name = CounterEnhanced;
			productName = CounterEnhanced;
			productReference = 02DBEE8F2A0D56310095C93C /* CounterEnhanced.app */;
			productType = "com.apple.product-type.application";
		};
		02DBEEA42A0D56320095C93C /* CounterEnhancedTests */ = {
			isa = PBXNativeTarget;
			buildConfigurationList = 02DBEEBC2A0D56320095C93C /* Build configuration list for PBXNativeTarget "CounterEnhancedTests" */;
			buildPhases = (
				02DBEEA12A0D56320095C93C /* Sources */,
				02DBEEA22A0D56320095C93C /* Frameworks */,
				02DBEEA32A0D56320095C93C /* Resources */,
			);
			buildRules = (
			);
			dependencies = (
				02DBEEA72A0D56320095C93C /* PBXTargetDependency */,
			);
			name = CounterEnhancedTests;
			productName = CounterEnhancedTests;
			productReference = 02DBEEA52A0D56320095C93C /* CounterEnhancedTests.xctest */;
			productType = "com.apple.product-type.bundle.unit-test";
		};
		02DBEEAE2A0D56320095C93C /* CounterEnhancedUITests */ = {
			isa = PBXNativeTarget;
			buildConfigurationList = 02DBEEBF2A0D56320095C93C /* Build configuration list for PBXNativeTarget "CounterEnhancedUITests" */;
			buildPhases = (
				02DBEEAB2A0D56320095C93C /* Sources */,
				02DBEEAC2A0D56320095C93C /* Frameworks */,
				02DBEEAD2A0D56320095C93C /* Resources */,
			);
			buildRules = (
			);
			dependencies = (
				02DBEEB12A0D56320095C93C /* PBXTargetDependency */,
			);
			name = CounterEnhancedUITests;
			productName = CounterEnhancedUITests;
			productReference = 02DBEEAF2A0D56320095C93C /* CounterEnhancedUITests.xctest */;
			productType = "com.apple.product-type.bundle.ui-testing";
		};
/* End PBXNativeTarget section */

/* Begin PBXProject section */
		02DBEE872A0D56310095C93C /* Project object */ = {
			isa = PBXProject;
			attributes = {
				BuildIndependentTargetsInParallel = 1;
				LastSwiftUpdateCheck = 1430;
				LastUpgradeCheck = 1430;
				TargetAttributes = {
					02DBEE8E2A0D56310095C93C = {
						CreatedOnToolsVersion = 14.3;
					};
					02DBEEA42A0D56320095C93C = {
						CreatedOnToolsVersion = 14.3;
						TestTargetID = 02DBEE8E2A0D56310095C93C;
					};
					02DBEEAE2A0D56320095C93C = {
						CreatedOnToolsVersion = 14.3;
						TestTargetID = 02DBEE8E2A0D56310095C93C;
					};
				};
			};
			buildConfigurationList = 02DBEE8A2A0D56310095C93C /* Build configuration list for PBXProject "CounterEnhanced" */;
			compatibilityVersion = "Xcode 14.0";
			developmentRegion = en;
			hasScannedForEncodings = 0;
			knownRegions = (
				en,
				Base,
			);
			mainGroup = 02DBEE862A0D56310095C93C;
			productRefGroup = 02DBEE902A0D56310095C93C /* Products */;
			projectDirPath = "";
			projectRoot = "";
			targets = (
				02DBEE8E2A0D56310095C93C /* CounterEnhanced */,
				02DBEEA42A0D56320095C93C /* CounterEnhancedTests */,
				02DBEEAE2A0D56320095C93C /* CounterEnhancedUITests */,
			);
		};
/* End PBXProject section */

/* Begin PBXResourcesBuildPhase section */
		02DBEE8D2A0D56310095C93C /* Resources */ = {
			isa = PBXResourcesBuildPhase;
			buildActionMask = 2147483647;
			files = (
				02DBEE9F2A0D56320095C93C /* LaunchScreen.storyboard in Resources */,
				02DBEE9C2A0D56320095C93C /* Assets.xcassets in Resources */,
				02DBEE9A2A0D56310095C93C /* Main.storyboard in Resources */,
			);
			runOnlyForDeploymentPostprocessing = 0;
		};
		02DBEEA32A0D56320095C93C /* Resources */ = {
			isa = PBXResourcesBuildPhase;
			buildActionMask = 2147483647;
			files = (
			);
			runOnlyForDeploymentPostprocessing = 0;
		};
		02DBEEAD2A0D56320095C93C /* Resources */ = {
			isa = PBXResourcesBuildPhase;
			buildActionMask = 2147483647;
			files = (
			);
			runOnlyForDeploymentPostprocessing = 0;
		};
/* End PBXResourcesBuildPhase section */

/* Begin PBXSourcesBuildPhase section */
		02DBEE8B2A0D56310095C93C /* Sources */ = {
			isa = PBXSourcesBuildPhase;
			buildActionMask = 2147483647;
			files = (
				02DBEE972A0D56310095C93C /* ViewController.swift in Sources */,
				02DBEE932A0D56310095C93C /* AppDelegate.swift in Sources */,
				02DBEE952A0D56310095C93C /* SceneDelegate.swift in Sources */,
			);
			runOnlyForDeploymentPostprocessing = 0;
		};
		02DBEEA12A0D56320095C93C /* Sources */ = {
			isa = PBXSourcesBuildPhase;
			buildActionMask = 2147483647;
			files = (
				02DBEEAA2A0D56320095C93C /* CounterEnhancedTests.swift in Sources */,
			);
			runOnlyForDeploymentPostprocessing = 0;
		};
		02DBEEAB2A0D56320095C93C /* Sources */ = {
			isa = PBXSourcesBuildPhase;
			buildActionMask = 2147483647;
			files = (
				02DBEEB42A0D56320095C93C /* CounterEnhancedUITests.swift in Sources */,
				02DBEEB62A0D56320095C93C /* CounterEnhancedUITestsLaunchTests.swift in Sources */,
			);
			runOnlyForDeploymentPostprocessing = 0;
		};
/* End PBXSourcesBuildPhase section */

/* Begin PBXTargetDependency section */
		02DBEEA72A0D56320095C93C /* PBXTargetDependency */ = {
			isa = PBXTargetDependency;
			target = 02DBEE8E2A0D56310095C93C /* CounterEnhanced */;
			targetProxy = 02DBEEA62A0D56320095C93C /* PBXContainerItemProxy */;
		};
		02DBEEB12A0D56320095C93C /* PBXTargetDependency */ = {
			isa = PBXTargetDependency;
			target = 02DBEE8E2A0D56310095C93C /* CounterEnhanced */;
			targetProxy = 02DBEEB02A0D56320095C93C /* PBXContainerItemProxy */;
		};
/* End PBXTargetDependency section */

/* Begin PBXVariantGroup section */
		02DBEE982A0D56310095C93C /* Main.storyboard */ = {
			isa = PBXVariantGroup;
			children = (
				02DBEE992A0D56310095C93C /* Base */,
			);
			name = Main.storyboard;
			sourceTree = "<group>";
		};
		02DBEE9D2A0D56320095C93C /* LaunchScreen.storyboard */ = {
			isa = PBXVariantGroup;
			children = (
				02DBEE9E2A0D56320095C93C /* Base */,
			);
			name = LaunchScreen.storyboard;
			sourceTree = "<group>";
		};
/* End PBXVariantGroup section */

/* Begin XCBuildConfiguration section */
		02DBEEB72A0D56320095C93C /* Debug */ = {
			isa = XCBuildConfiguration;
			buildSettings = {
				ALWAYS_SEARCH_USER_PATHS = NO;
				CLANG_ANALYZER_NONNULL = YES;
				CLANG_ANALYZER_NUMBER_OBJECT_CONVERSION = YES_AGGRESSIVE;
				CLANG_CXX_LANGUAGE_STANDARD = "gnu++20";
				CLANG_ENABLE_MODULES = YES;
				CLANG_ENABLE_OBJC_ARC = YES;
				CLANG_ENABLE_OBJC_WEAK = YES;
				CLANG_WARN_BLOCK_CAPTURE_AUTORELEASING = YES;
				CLANG_WARN_BOOL_CONVERSION = YES;
				CLANG_WARN_COMMA = YES;
				CLANG_WARN_CONSTANT_CONVERSION = YES;
				CLANG_WARN_DEPRECATED_OBJC_IMPLEMENTATIONS = YES;
				CLANG_WARN_DIRECT_OBJC_ISA_USAGE = YES_ERROR;
				CLANG_WARN_DOCUMENTATION_COMMENTS = YES;
				CLANG_WARN_EMPTY_BODY = YES;
				CLANG_WARN_ENUM_CONVERSION = YES;
				CLANG_WARN_INFINITE_RECURSION = YES;
				CLANG_WARN_INT_CONVERSION = YES;
				CLANG_WARN_NON_LITERAL_NULL_CONVERSION = YES;
				CLANG_WARN_OBJC_IMPLICIT_RETAIN_SELF = YES;
				CLANG_WARN_OBJC_LITERAL_CONVERSION = YES;
				CLANG_WARN_OBJC_ROOT_CLASS = YES_ERROR;
				CLANG_WARN_QUOTED_INCLUDE_IN_FRAMEWORK_HEADER = YES;
				CLANG_WARN_RANGE_LOOP_ANALYSIS = YES;
				CLANG_WARN_STRICT_PROTOTYPES = YES;
				CLANG_WARN_SUSPICIOUS_MOVE = YES;
				CLANG_WARN_UNGUARDED_AVAILABILITY = YES_AGGRESSIVE;
				CLANG_WARN_UNREACHABLE_CODE = YES;
				CLANG_WARN__DUPLICATE_METHOD_MATCH = YES;
				COPY_PHASE_STRIP = NO;
				DEBUG_INFORMATION_FORMAT = dwarf;
				ENABLE_STRICT_OBJC_MSGSEND = YES;
				ENABLE_TESTABILITY = YES;
				GCC_C_LANGUAGE_STANDARD = gnu11;
				GCC_DYNAMIC_NO_PIC = NO;
				GCC_NO_COMMON_BLOCKS = YES;
				GCC_OPTIMIZATION_LEVEL = 0;
				GCC_PREPROCESSOR_DEFINITIONS = (
					"DEBUG=1",
					"$(inherited)",
				);
				GCC_WARN_64_TO_32_BIT_CONVERSION = YES;
				GCC_WARN_ABOUT_RETURN_TYPE = YES_ERROR;
				GCC_WARN_UNDECLARED_SELECTOR = YES;
				GCC_WARN_UNINITIALIZED_AUTOS = YES_AGGRESSIVE;
				GCC_WARN_UNUSED_FUNCTION = YES;
				GCC_WARN_UNUSED_VARIABLE = YES;
				IPHONEOS_DEPLOYMENT_TARGET = 16.4;
				MTL_ENABLE_DEBUG_INFO = INCLUDE_SOURCE;
				MTL_FAST_MATH = YES;
				ONLY_ACTIVE_ARCH = YES;
				SDKROOT = iphoneos;
				SWIFT_ACTIVE_COMPILATION_CONDITIONS = DEBUG;
				SWIFT_OPTIMIZATION_LEVEL = "-Onone";
			};
			name = Debug;
		};
		02DBEEB82A0D56320095C93C /* Release */ = {
			isa = XCBuildConfiguration;
			buildSettings = {
				ALWAYS_SEARCH_USER_PATHS = NO;
				CLANG_ANALYZER_NONNULL = YES;
				CLANG_ANALYZER_NUMBER_OBJECT_CONVERSION = YES_AGGRESSIVE;
				CLANG_CXX_LANGUAGE_STANDARD = "gnu++20";
				CLANG_ENABLE_MODULES = YES;
				CLANG_ENABLE_OBJC_ARC = YES;
				CLANG_ENABLE_OBJC_WEAK = YES;
				CLANG_WARN_BLOCK_CAPTURE_AUTORELEASING = YES;
				CLANG_WARN_BOOL_CONVERSION = YES;
				CLANG_WARN_COMMA = YES;
				CLANG_WARN_CONSTANT_CONVERSION = YES;
				CLANG_WARN_DEPRECATED_OBJC_IMPLEMENTATIONS = YES;
				CLANG_WARN_DIRECT_OBJC_ISA_USAGE = YES_ERROR;
				CLANG_WARN_DOCUMENTATION_COMMENTS = YES;
				CLANG_WARN_EMPTY_BODY = YES;
				CLANG_WARN_ENUM_CONVERSION = YES;
				CLANG_WARN_INFINITE_RECURSION = YES;
				CLANG_WARN_INT_CONVERSION = YES;
				CLANG_WARN_NON_LITERAL_NULL_CONVERSION = YES;
				CLANG_WARN_OBJC_IMPLICIT_RETAIN_SELF = YES;
				CLANG_WARN_OBJC_LITERAL_CONVERSION = YES;
				CLANG_WARN_OBJC_ROOT_CLASS = YES_ERROR;
				CLANG_WARN_QUOTED_INCLUDE_IN_FRAMEWORK_HEADER = YES;
				CLANG_WARN_RANGE_LOOP_ANALYSIS = YES;
				CLANG_WARN_STRICT_PROTOTYPES = YES;
				CLANG_WARN_SUSPICIOUS_MOVE = YES;
				CLANG_WARN_UNGUARDED_AVAILABILITY = YES_AGGRESSIVE;
				CLANG_WARN_UNREACHABLE_CODE = YES;
				CLANG_WARN__DUPLICATE_METHOD_MATCH = YES;
				COPY_PHASE_STRIP = NO;
				DEBUG_INFORMATION_FORMAT = "dwarf-with-dsym";
				ENABLE_NS_ASSERTIONS = NO;
				ENABLE_STRICT_OBJC_MSGSEND = YES;
				GCC_C_LANGUAGE_STANDARD = gnu11;
				GCC_NO_COMMON_BLOCKS = YES;
				GCC_WARN_64_TO_32_BIT_CONVERSION = YES;
				GCC_WARN_ABOUT_RETURN_TYPE = YES_ERROR;
				GCC_WARN_UNDECLARED_SELECTOR = YES;
				GCC_WARN_UNINITIALIZED_AUTOS = YES_AGGRESSIVE;
				GCC_WARN_UNUSED_FUNCTION = YES;
				GCC_WARN_UNUSED_VARIABLE = YES;
				IPHONEOS_DEPLOYMENT_TARGET = 16.4;
				MTL_ENABLE_DEBUG_INFO = NO;
				MTL_FAST_MATH = YES;
				SDKROOT = iphoneos;
				SWIFT_COMPILATION_MODE = wholemodule;
				SWIFT_OPTIMIZATION_LEVEL = "-O";
				VALIDATE_PRODUCT = YES;
			};
			name = Release;
		};
		02DBEEBA2A0D56320095C93C /* Debug */ = {
			isa = XCBuildConfiguration;
			buildSettings = {
				ASSETCATALOG_COMPILER_APPICON_NAME = AppIcon;
				ASSETCATALOG_COMPILER_GLOBAL_ACCENT_COLOR_NAME = AccentColor;
				CODE_SIGN_STYLE = Automatic;
				CURRENT_PROJECT_VERSION = 1;
				DEVELOPMENT_TEAM = 498P459CW8;
				GENERATE_INFOPLIST_FILE = YES;
				INFOPLIST_FILE = CounterEnhanced/Info.plist;
				INFOPLIST_KEY_UIApplicationSupportsIndirectInputEvents = YES;
				INFOPLIST_KEY_UILaunchStoryboardName = Main.storyboard;
				INFOPLIST_KEY_UIMainStoryboardFile = Main;
				INFOPLIST_KEY_UISupportedInterfaceOrientations = UIInterfaceOrientationPortrait;
				IPHONEOS_DEPLOYMENT_TARGET = 15.4;
				LD_RUNPATH_SEARCH_PATHS = (
					"$(inherited)",
					"@executable_path/Frameworks",
				);
				MARKETING_VERSION = 1.0;
				PRODUCT_BUNDLE_IDENTIFIER = IvCh.CounterEnhanced;
				PRODUCT_NAME = "$(TARGET_NAME)";
				SWIFT_EMIT_LOC_STRINGS = YES;
				SWIFT_VERSION = 5.0;
				TARGETED_DEVICE_FAMILY = "1,2";
			};
			name = Debug;
		};
		02DBEEBB2A0D56320095C93C /* Release */ = {
			isa = XCBuildConfiguration;
			buildSettings = {
				ASSETCATALOG_COMPILER_APPICON_NAME = AppIcon;
				ASSETCATALOG_COMPILER_GLOBAL_ACCENT_COLOR_NAME = AccentColor;
				CODE_SIGN_STYLE = Automatic;
				CURRENT_PROJECT_VERSION = 1;
				DEVELOPMENT_TEAM = 498P459CW8;
				GENERATE_INFOPLIST_FILE = YES;
				INFOPLIST_FILE = CounterEnhanced/Info.plist;
				INFOPLIST_KEY_UIApplicationSupportsIndirectInputEvents = YES;
				INFOPLIST_KEY_UILaunchStoryboardName = Main.storyboard;
				INFOPLIST_KEY_UIMainStoryboardFile = Main;
				INFOPLIST_KEY_UISupportedInterfaceOrientations = UIInterfaceOrientationPortrait;
				IPHONEOS_DEPLOYMENT_TARGET = 15.4;
				LD_RUNPATH_SEARCH_PATHS = (
					"$(inherited)",
					"@executable_path/Frameworks",
				);
				MARKETING_VERSION = 1.0;
				PRODUCT_BUNDLE_IDENTIFIER = IvCh.CounterEnhanced;
				PRODUCT_NAME = "$(TARGET_NAME)";
				SWIFT_EMIT_LOC_STRINGS = YES;
				SWIFT_VERSION = 5.0;
				TARGETED_DEVICE_FAMILY = "1,2";
			};
			name = Release;
		};
		02DBEEBD2A0D56320095C93C /* Debug */ = {
			isa = XCBuildConfiguration;
			buildSettings = {
				ALWAYS_EMBED_SWIFT_STANDARD_LIBRARIES = YES;
				BUNDLE_LOADER = "$(TEST_HOST)";
				CODE_SIGN_STYLE = Automatic;
				CURRENT_PROJECT_VERSION = 1;
				DEVELOPMENT_TEAM = 498P459CW8;
				GENERATE_INFOPLIST_FILE = YES;
				IPHONEOS_DEPLOYMENT_TARGET = 16.4;
				MARKETING_VERSION = 1.0;
				PRODUCT_BUNDLE_IDENTIFIER = IvCh.CounterEnhancedTests;
				PRODUCT_NAME = "$(TARGET_NAME)";
				SWIFT_EMIT_LOC_STRINGS = NO;
				SWIFT_VERSION = 5.0;
				TARGETED_DEVICE_FAMILY = "1,2";
				TEST_HOST = "$(BUILT_PRODUCTS_DIR)/CounterEnhanced.app/$(BUNDLE_EXECUTABLE_FOLDER_PATH)/CounterEnhanced";
			};
			name = Debug;
		};
		02DBEEBE2A0D56320095C93C /* Release */ = {
			isa = XCBuildConfiguration;
			buildSettings = {
				ALWAYS_EMBED_SWIFT_STANDARD_LIBRARIES = YES;
				BUNDLE_LOADER = "$(TEST_HOST)";
				CODE_SIGN_STYLE = Automatic;
				CURRENT_PROJECT_VERSION = 1;
				DEVELOPMENT_TEAM = 498P459CW8;
				GENERATE_INFOPLIST_FILE = YES;
				IPHONEOS_DEPLOYMENT_TARGET = 16.4;
				MARKETING_VERSION = 1.0;
				PRODUCT_BUNDLE_IDENTIFIER = IvCh.CounterEnhancedTests;
				PRODUCT_NAME = "$(TARGET_NAME)";
				SWIFT_EMIT_LOC_STRINGS = NO;
				SWIFT_VERSION = 5.0;
				TARGETED_DEVICE_FAMILY = "1,2";
				TEST_HOST = "$(BUILT_PRODUCTS_DIR)/CounterEnhanced.app/$(BUNDLE_EXECUTABLE_FOLDER_PATH)/CounterEnhanced";
			};
			name = Release;
		};
		02DBEEC02A0D56320095C93C /* Debug */ = {
			isa = XCBuildConfiguration;
			buildSettings = {
				ALWAYS_EMBED_SWIFT_STANDARD_LIBRARIES = YES;
				CODE_SIGN_STYLE = Automatic;
				CURRENT_PROJECT_VERSION = 1;
				DEVELOPMENT_TEAM = 498P459CW8;
				GENERATE_INFOPLIST_FILE = YES;
				MARKETING_VERSION = 1.0;
				PRODUCT_BUNDLE_IDENTIFIER = IvCh.CounterEnhancedUITests;
				PRODUCT_NAME = "$(TARGET_NAME)";
				SWIFT_EMIT_LOC_STRINGS = NO;
				SWIFT_VERSION = 5.0;
				TARGETED_DEVICE_FAMILY = "1,2";
				TEST_TARGET_NAME = CounterEnhanced;
			};
			name = Debug;
		};
		02DBEEC12A0D56320095C93C /* Release */ = {
			isa = XCBuildConfiguration;
			buildSettings = {
				ALWAYS_EMBED_SWIFT_STANDARD_LIBRARIES = YES;
				CODE_SIGN_STYLE = Automatic;
				CURRENT_PROJECT_VERSION = 1;
				DEVELOPMENT_TEAM = 498P459CW8;
				GENERATE_INFOPLIST_FILE = YES;
				MARKETING_VERSION = 1.0;
				PRODUCT_BUNDLE_IDENTIFIER = IvCh.CounterEnhancedUITests;
				PRODUCT_NAME = "$(TARGET_NAME)";
				SWIFT_EMIT_LOC_STRINGS = NO;
				SWIFT_VERSION = 5.0;
				TARGETED_DEVICE_FAMILY = "1,2";
				TEST_TARGET_NAME = CounterEnhanced;
			};
			name = Release;
		};
/* End XCBuildConfiguration section */

/* Begin XCConfigurationList section */
		02DBEE8A2A0D56310095C93C /* Build configuration list for PBXProject "CounterEnhanced" */ = {
			isa = XCConfigurationList;
			buildConfigurations = (
				02DBEEB72A0D56320095C93C /* Debug */,
				02DBEEB82A0D56320095C93C /* Release */,
			);
			defaultConfigurationIsVisible = 0;
			defaultConfigurationName = Release;
		};
		02DBEEB92A0D56320095C93C /* Build configuration list for PBXNativeTarget "CounterEnhanced" */ = {
			isa = XCConfigurationList;
			buildConfigurations = (
				02DBEEBA2A0D56320095C93C /* Debug */,
				02DBEEBB2A0D56320095C93C /* Release */,
			);
			defaultConfigurationIsVisible = 0;
			defaultConfigurationName = Release;
		};
		02DBEEBC2A0D56320095C93C /* Build configuration list for PBXNativeTarget "CounterEnhancedTests" */ = {
			isa = XCConfigurationList;
			buildConfigurations = (
				02DBEEBD2A0D56320095C93C /* Debug */,
				02DBEEBE2A0D56320095C93C /* Release */,
			);
			defaultConfigurationIsVisible = 0;
			defaultConfigurationName = Release;
		};
		02DBEEBF2A0D56320095C93C /* Build configuration list for PBXNativeTarget "CounterEnhancedUITests" */ = {
			isa = XCConfigurationList;
			buildConfigurations = (
				02DBEEC02A0D56320095C93C /* Debug */,
				02DBEEC12A0D56320095C93C /* Release */,
			);
			defaultConfigurationIsVisible = 0;
			defaultConfigurationName = Release;
		};
/* End XCConfigurationList section */
	};
	rootObject = 02DBEE872A0D56310095C93C /* Project object */;
}
